{
  "requires": true,
  "lockfileVersion": 1,
  "dependencies": {
    "hyphenopoly": {
      "version": "3.1.1",
      "resolved": "https://registry.npmjs.org/hyphenopoly/-/hyphenopoly-3.1.1.tgz",
      "integrity": "sha512-CBpDKL8JjPaR5ihAiJ/OL2lQ0x9Vs59xuNGwlYGKdgQnV9AE0KSBE74zITNzkiz2rAfeHkRYR9mcPSX76C7wwg=="
    }
  }
}
