{
  "name": "js",
  "lockfileVersion": 3,
  "requires": true,
  "packages": {
    "": {
      "dependencies": {
        "hyphenopoly": "^6.0.0"
      }
    },
    "node_modules/hyphenopoly": {
      "version": "6.0.0",
      "resolved": "https://registry.npmjs.org/hyphenopoly/-/hyphenopoly-6.0.0.tgz",
      "integrity": "sha512-42M87fsJSu0jRiCZqlVsaBwY5onH6/6y5akaLW794wsc2M4hLj875ZeloQG8yLhlaSQRZEgxz/SQAVn5LVVthg==",
      "license": "MIT",
      "engines": {
        "node": ">=18"
      }
    }
  }
}
